
Microsoft Visual Studio Solution File, Format Version 12.00
# Visual Studio 15
VisualStudioVersion = 15.0.28010.2046
MinimumVisualStudioVersion = 10.0.40219.1
Project("{9A19103F-16F7-4668-BE54-9A1E7A4F7556}") = "ConsoleApp1", "ConsoleApp1\ConsoleApp1.csproj", "{1FDAD6A2-E6ED-404B-811A-C16990B67FEB}"
EndProject
Global
	GlobalSection(SolutionConfigurationPlatforms) = preSolution
		Debug|Any CPU = Debug|Any CPU
		Release|Any CPU = Release|Any CPU
	EndGlobalSection
	GlobalSection(ProjectConfigurationPlatforms) = postSolution
		{1FDAD6A2-E6ED-404B-811A-C16990B67FEB}.Debug|Any CPU.ActiveCfg = Debug|Any CPU
		{1FDAD6A2-E6ED-404B-811A-C16990B67FEB}.Debug|Any CPU.Build.0 = Debug|Any CPU
		{1FDAD6A2-E6ED-404B-811A-C16990B67FEB}.Release|Any CPU.ActiveCfg = Release|Any CPU
		{1FDAD6A2-E6ED-404B-811A-C16990B67FEB}.Release|Any CPU.Build.0 = Release|Any CPU
	EndGlobalSection
	GlobalSection(SolutionProperties) = preSolution
		HideSolutionNode = FALSE
	EndGlobalSection
	GlobalSection(ExtensibilityGlobals) = postSolution
		SolutionGuid = {5E7859E2-9B05-4029-BC19-EF33243A0B94}
	EndGlobalSection
EndGlobal
